{
  "schema_version": 1,
  "cargo_lock_sha256": "1753d9865e9fda69c04c1938cf1d24e0a8dfd6d6c16c06ef06a5215356d315e3",
  "target_resolves": {
    "base": {
      "meimei-0.1.1": {
        "runtime_dependencies": [],
        "build_dependencies": [],
        "features": []
      }
    },
    "targets": {
      "aarch64-apple-darwin": {
        "overrides": {}
      },
      "x86_64-apple-darwin": {
        "overrides": {}
      },
      "x86_64-unknown-linux-gnu": {
        "overrides": {}
      },
      "x86_64-unknown-linux-musl": {
        "overrides": {}
      },
      "aarch64-unknown-linux-gnu": {
        "overrides": {}
      },
      "aarch64-unknown-linux-musl": {
        "overrides": {}
      }
    }
  },
  "per_crate": {
    "meimei-0.1.1": {
      "edition": "2024",
      "lib_target": {
        "name": "meimei",
        "path": "src/lib.rs"
      }
    }
  },
  "git_nar_sha256": {},
  "flake_metadata": {}
}
